
Microsoft Visual Studio Solution File, Format Version 12.00
# Visual Studio Version 17
VisualStudioVersion = 17.10.34928.147
MinimumVisualStudioVersion = 10.0.40219.1
Project("{9A19103F-16F7-4668-BE54-9A1E7A4F7556}") = "DapperSRP.WebApi", "src\DapperSRP.WebApi\DapperSRP.WebApi.csproj", "{8D791C6F-1734-42F7-9C4D-724FAAD95CB7}"
EndProject
Project("{9A19103F-16F7-4668-BE54-9A1E7A4F7556}") = "DapperSRP.Persistence", "src\DapperSRP.Persistence\DapperSRP.Persistence.csproj", "{F9DECD72-D7A0-44BB-8320-4763E160CEA9}"
EndProject
Project("{9A19103F-16F7-4668-BE54-9A1E7A4F7556}") = "DapperSRP.Repository", "src\DapperSRP.Repository\DapperSRP.Repository.csproj", "{F3D38B15-0F5C-466F-AE8D-6CC6FD0AAF51}"
EndProject
Project("{9A19103F-16F7-4668-BE54-9A1E7A4F7556}") = "DapperSRP.Service", "src\DapperSRP.Service\DapperSRP.Service.csproj", "{C56D990C-112F-4A30-9446-5E36C938980C}"
EndProject
Project("{9A19103F-16F7-4668-BE54-9A1E7A4F7556}") = "DapperSRP.Dto", "src\DapperSRP.Dto\DapperSRP.Dto.csproj", "{04A4D977-14E2-45A3-848B-0DF436C161D4}"
EndProject
Project("{9A19103F-16F7-4668-BE54-9A1E7A4F7556}") = "DapperSRP.Common", "src\DapperSRP.Common\DapperSRP.Common.csproj", "{28C4C51B-CD05-499E-B221-C75B7DFAF85A}"
EndProject
Project("{9A19103F-16F7-4668-BE54-9A1E7A4F7556}") = "DapperSRP.Logging", "src\DapperSRP.Logging\DapperSRP.Logging.csproj", "{585E3444-D7DC-4C84-A5BE-1233B6FE784A}"
EndProject
Project("{2150E333-8FDC-42A3-9474-1A3956D46DE8}") = "src", "src", "{12C00E52-2898-4EFB-B452-AAF5129E82D2}"
EndProject
Project("{2150E333-8FDC-42A3-9474-1A3956D46DE8}") = "tests", "tests", "{28D2D2AE-C947-4EAF-AEE4-EFB73841DFD5}"
EndProject
Project("{9A19103F-16F7-4668-BE54-9A1E7A4F7556}") = "DapperSRP.Api.UnitTests", "tests\UnitTests\DapperSRP.Api.UnitTests\DapperSRP.Api.UnitTests.csproj", "{C7CAA505-D736-425A-83CB-EDBC80751FE5}"
EndProject
Project("{9A19103F-16F7-4668-BE54-9A1E7A4F7556}") = "DapperSRP.Service.UnitTests", "tests\UnitTests\DapperSRP.Service.UnitTests\DapperSRP.Service.UnitTests.csproj", "{6AFB82DD-E844-433A-902D-994007F18C60}"
EndProject
Project("{9A19103F-16F7-4668-BE54-9A1E7A4F7556}") = "DapperSRP.Repository.UnitTests", "tests\UnitTests\DapperSRP.Repository.UnitTests\DapperSRP.Repository.UnitTests.csproj", "{188226BF-2965-43DA-8F48-4B577A207D1E}"
EndProject
Project("{9A19103F-16F7-4668-BE54-9A1E7A4F7556}") = "DapperSRP.Quartz", "src\DapperSRP.Quartz\DapperSRP.Quartz.csproj", "{BBD07BB3-8CF0-4A1C-9673-E15B6D4DF60C}"
EndProject
Project("{9A19103F-16F7-4668-BE54-9A1E7A4F7556}") = "DapperSRP.RateLimiter.UnitTests", "tests\UnitTests\DapperSRP.RateLimiter.UnitTests\DapperSRP.RateLimiter.UnitTests.csproj", "{6F148BB9-5F65-4549-BB97-0A215446FE10}"
EndProject
Project("{2150E333-8FDC-42A3-9474-1A3956D46DE8}") = "UnitTests", "UnitTests", "{59366EA9-2E2B-4346-8CD2-5EAB37E53E02}"
EndProject
Project("{2150E333-8FDC-42A3-9474-1A3956D46DE8}") = "IntegrationTests", "IntegrationTests", "{17653357-7E66-4F48-A3CC-63A65C546F3A}"
EndProject
Project("{FAE04EC0-301F-11D3-BF4B-00C04F79EFBC}") = "DapperSRP.RateLimiter.IntegrationTests", "tests\IntegrationTests\DapperSRP.RateLimiter.IntegrationTests\DapperSRP.RateLimiter.IntegrationTests.csproj", "{0618BD08-0119-4ED7-B6D7-91F7AB34AFB1}"
EndProject
Global
	GlobalSection(SolutionConfigurationPlatforms) = preSolution
		Debug|Any CPU = Debug|Any CPU
		Release|Any CPU = Release|Any CPU
	EndGlobalSection
	GlobalSection(ProjectConfigurationPlatforms) = postSolution
		{8D791C6F-1734-42F7-9C4D-724FAAD95CB7}.Debug|Any CPU.ActiveCfg = Debug|Any CPU
		{8D791C6F-1734-42F7-9C4D-724FAAD95CB7}.Debug|Any CPU.Build.0 = Debug|Any CPU
		{8D791C6F-1734-42F7-9C4D-724FAAD95CB7}.Release|Any CPU.ActiveCfg = Release|Any CPU
		{8D791C6F-1734-42F7-9C4D-724FAAD95CB7}.Release|Any CPU.Build.0 = Release|Any CPU
		{F9DECD72-D7A0-44BB-8320-4763E160CEA9}.Debug|Any CPU.ActiveCfg = Debug|Any CPU
		{F9DECD72-D7A0-44BB-8320-4763E160CEA9}.Debug|Any CPU.Build.0 = Debug|Any CPU
		{F9DECD72-D7A0-44BB-8320-4763E160CEA9}.Release|Any CPU.ActiveCfg = Release|Any CPU
		{F9DECD72-D7A0-44BB-8320-4763E160CEA9}.Release|Any CPU.Build.0 = Release|Any CPU
		{F3D38B15-0F5C-466F-AE8D-6CC6FD0AAF51}.Debug|Any CPU.ActiveCfg = Debug|Any CPU
		{F3D38B15-0F5C-466F-AE8D-6CC6FD0AAF51}.Debug|Any CPU.Build.0 = Debug|Any CPU
		{F3D38B15-0F5C-466F-AE8D-6CC6FD0AAF51}.Release|Any CPU.ActiveCfg = Release|Any CPU
		{F3D38B15-0F5C-466F-AE8D-6CC6FD0AAF51}.Release|Any CPU.Build.0 = Release|Any CPU
		{C56D990C-112F-4A30-9446-5E36C938980C}.Debug|Any CPU.ActiveCfg = Debug|Any CPU
		{C56D990C-112F-4A30-9446-5E36C938980C}.Debug|Any CPU.Build.0 = Debug|Any CPU
		{C56D990C-112F-4A30-9446-5E36C938980C}.Release|Any CPU.ActiveCfg = Release|Any CPU
		{C56D990C-112F-4A30-9446-5E36C938980C}.Release|Any CPU.Build.0 = Release|Any CPU
		{04A4D977-14E2-45A3-848B-0DF436C161D4}.Debug|Any CPU.ActiveCfg = Debug|Any CPU
		{04A4D977-14E2-45A3-848B-0DF436C161D4}.Debug|Any CPU.Build.0 = Debug|Any CPU
		{04A4D977-14E2-45A3-848B-0DF436C161D4}.Release|Any CPU.ActiveCfg = Release|Any CPU
		{04A4D977-14E2-45A3-848B-0DF436C161D4}.Release|Any CPU.Build.0 = Release|Any CPU
		{28C4C51B-CD05-499E-B221-C75B7DFAF85A}.Debug|Any CPU.ActiveCfg = Debug|Any CPU
		{28C4C51B-CD05-499E-B221-C75B7DFAF85A}.Debug|Any CPU.Build.0 = Debug|Any CPU
		{28C4C51B-CD05-499E-B221-C75B7DFAF85A}.Release|Any CPU.ActiveCfg = Release|Any CPU
		{28C4C51B-CD05-499E-B221-C75B7DFAF85A}.Release|Any CPU.Build.0 = Release|Any CPU
		{585E3444-D7DC-4C84-A5BE-1233B6FE784A}.Debug|Any CPU.ActiveCfg = Debug|Any CPU
		{585E3444-D7DC-4C84-A5BE-1233B6FE784A}.Debug|Any CPU.Build.0 = Debug|Any CPU
		{585E3444-D7DC-4C84-A5BE-1233B6FE784A}.Release|Any CPU.ActiveCfg = Release|Any CPU
		{585E3444-D7DC-4C84-A5BE-1233B6FE784A}.Release|Any CPU.Build.0 = Release|Any CPU
		{C7CAA505-D736-425A-83CB-EDBC80751FE5}.Debug|Any CPU.ActiveCfg = Debug|Any CPU
		{C7CAA505-D736-425A-83CB-EDBC80751FE5}.Debug|Any CPU.Build.0 = Debug|Any CPU
		{C7CAA505-D736-425A-83CB-EDBC80751FE5}.Release|Any CPU.ActiveCfg = Release|Any CPU
		{C7CAA505-D736-425A-83CB-EDBC80751FE5}.Release|Any CPU.Build.0 = Release|Any CPU
		{6AFB82DD-E844-433A-902D-994007F18C60}.Debug|Any CPU.ActiveCfg = Debug|Any CPU
		{6AFB82DD-E844-433A-902D-994007F18C60}.Debug|Any CPU.Build.0 = Debug|Any CPU
		{6AFB82DD-E844-433A-902D-994007F18C60}.Release|Any CPU.ActiveCfg = Release|Any CPU
		{6AFB82DD-E844-433A-902D-994007F18C60}.Release|Any CPU.Build.0 = Release|Any CPU
		{188226BF-2965-43DA-8F48-4B577A207D1E}.Debug|Any CPU.ActiveCfg = Debug|Any CPU
		{188226BF-2965-43DA-8F48-4B577A207D1E}.Debug|Any CPU.Build.0 = Debug|Any CPU
		{188226BF-2965-43DA-8F48-4B577A207D1E}.Release|Any CPU.ActiveCfg = Release|Any CPU
		{188226BF-2965-43DA-8F48-4B577A207D1E}.Release|Any CPU.Build.0 = Release|Any CPU
		{BBD07BB3-8CF0-4A1C-9673-E15B6D4DF60C}.Debug|Any CPU.ActiveCfg = Debug|Any CPU
		{BBD07BB3-8CF0-4A1C-9673-E15B6D4DF60C}.Debug|Any CPU.Build.0 = Debug|Any CPU
		{BBD07BB3-8CF0-4A1C-9673-E15B6D4DF60C}.Release|Any CPU.ActiveCfg = Release|Any CPU
		{BBD07BB3-8CF0-4A1C-9673-E15B6D4DF60C}.Release|Any CPU.Build.0 = Release|Any CPU
		{6F148BB9-5F65-4549-BB97-0A215446FE10}.Debug|Any CPU.ActiveCfg = Debug|Any CPU
		{6F148BB9-5F65-4549-BB97-0A215446FE10}.Debug|Any CPU.Build.0 = Debug|Any CPU
		{6F148BB9-5F65-4549-BB97-0A215446FE10}.Release|Any CPU.ActiveCfg = Release|Any CPU
		{6F148BB9-5F65-4549-BB97-0A215446FE10}.Release|Any CPU.Build.0 = Release|Any CPU
		{0618BD08-0119-4ED7-B6D7-91F7AB34AFB1}.Debug|Any CPU.ActiveCfg = Debug|Any CPU
		{0618BD08-0119-4ED7-B6D7-91F7AB34AFB1}.Debug|Any CPU.Build.0 = Debug|Any CPU
		{0618BD08-0119-4ED7-B6D7-91F7AB34AFB1}.Release|Any CPU.ActiveCfg = Release|Any CPU
		{0618BD08-0119-4ED7-B6D7-91F7AB34AFB1}.Release|Any CPU.Build.0 = Release|Any CPU
	EndGlobalSection
	GlobalSection(SolutionProperties) = preSolution
		HideSolutionNode = FALSE
	EndGlobalSection
	GlobalSection(NestedProjects) = preSolution
		{8D791C6F-1734-42F7-9C4D-724FAAD95CB7} = {12C00E52-2898-4EFB-B452-AAF5129E82D2}
		{F9DECD72-D7A0-44BB-8320-4763E160CEA9} = {12C00E52-2898-4EFB-B452-AAF5129E82D2}
		{F3D38B15-0F5C-466F-AE8D-6CC6FD0AAF51} = {12C00E52-2898-4EFB-B452-AAF5129E82D2}
		{C56D990C-112F-4A30-9446-5E36C938980C} = {12C00E52-2898-4EFB-B452-AAF5129E82D2}
		{04A4D977-14E2-45A3-848B-0DF436C161D4} = {12C00E52-2898-4EFB-B452-AAF5129E82D2}
		{28C4C51B-CD05-499E-B221-C75B7DFAF85A} = {12C00E52-2898-4EFB-B452-AAF5129E82D2}
		{585E3444-D7DC-4C84-A5BE-1233B6FE784A} = {12C00E52-2898-4EFB-B452-AAF5129E82D2}
		{C7CAA505-D736-425A-83CB-EDBC80751FE5} = {59366EA9-2E2B-4346-8CD2-5EAB37E53E02}
		{6AFB82DD-E844-433A-902D-994007F18C60} = {59366EA9-2E2B-4346-8CD2-5EAB37E53E02}
		{188226BF-2965-43DA-8F48-4B577A207D1E} = {59366EA9-2E2B-4346-8CD2-5EAB37E53E02}
		{BBD07BB3-8CF0-4A1C-9673-E15B6D4DF60C} = {12C00E52-2898-4EFB-B452-AAF5129E82D2}
		{6F148BB9-5F65-4549-BB97-0A215446FE10} = {59366EA9-2E2B-4346-8CD2-5EAB37E53E02}
		{59366EA9-2E2B-4346-8CD2-5EAB37E53E02} = {28D2D2AE-C947-4EAF-AEE4-EFB73841DFD5}
		{17653357-7E66-4F48-A3CC-63A65C546F3A} = {28D2D2AE-C947-4EAF-AEE4-EFB73841DFD5}
		{0618BD08-0119-4ED7-B6D7-91F7AB34AFB1} = {17653357-7E66-4F48-A3CC-63A65C546F3A}
	EndGlobalSection
	GlobalSection(ExtensibilityGlobals) = postSolution
		SolutionGuid = {3D01161D-C2AA-4D4B-8B5B-660F5FBEBFE3}
	EndGlobalSection
EndGlobal
